// !$*UTF8*$!
{
	archiveVersion = 1;
	classes = {
	};
	objectVersion = 55;
	objects = {

/* Begin PBXBuildFile section */
		CEDB30F228409B1D001AA98E /* AppDelegate.swift in Sources */ = {isa = PBXBuildFile; fileRef = CEDB30F128409B1D001AA98E /* AppDelegate.swift */; };
		CEDB30F428409B1D001AA98E /* SceneDelegate.swift in Sources */ = {isa = PBXBuildFile; fileRef = CEDB30F328409B1D001AA98E /* SceneDelegate.swift */; };
		CEDB30F628409B1D001AA98E /* ViewController.swift in Sources */ = {isa = PBXBuildFile; fileRef = CEDB30F528409B1D001AA98E /* ViewController.swift */; };
		CEDB30F928409B1D001AA98E /* Main.storyboard in Resources */ = {isa = PBXBuildFile; fileRef = CEDB30F728409B1D001AA98E /* Main.storyboard */; };
		CEDB30FB28409B1E001AA98E /* Assets.xcassets in Resources */ = {isa = PBXBuildFile; fileRef = CEDB30FA28409B1E001AA98E /* Assets.xcassets */; };
		CEDB30FE28409B1E001AA98E /* LaunchScreen.storyboard in Resources */ = {isa = PBXBuildFile; fileRef = CEDB30FC28409B1E001AA98E /* LaunchScreen.storyboard */; };
		CEDB31062840CA34001AA98E /* NetworkManager.swift in Sources */ = {isa = PBXBuildFile; fileRef = CEDB31052840CA34001AA98E /* NetworkManager.swift */; };
		CEDB310A2840DC8E001AA98E /* WeatherData.swift in Sources */ = {isa = PBXBuildFile; fileRef = CEDB31092840DC8E001AA98E /* WeatherData.swift */; };
		CEDB310C2840EED8001AA98E /* WeatherModel.swift in Sources */ = {isa = PBXBuildFile; fileRef = CEDB310B2840EED8001AA98E /* WeatherModel.swift */; };
		CEDB3111284117DB001AA98E /* ForecastData.swift in Sources */ = {isa = PBXBuildFile; fileRef = CEDB3110284117DB001AA98E /* ForecastData.swift */; };
		CEDB311528411FE1001AA98E /* Service.swift in Sources */ = {isa = PBXBuildFile; fileRef = CEDB311428411FE1001AA98E /* Service.swift */; };
		CEDB311728412DDB001AA98E /* ForecastTableViewCell.swift in Sources */ = {isa = PBXBuildFile; fileRef = CEDB311628412DDB001AA98E /* ForecastTableViewCell.swift */; };
		CEDB311928412F34001AA98E /* Constants.swift in Sources */ = {isa = PBXBuildFile; fileRef = CEDB311828412F34001AA98E /* Constants.swift */; };
		CEDB311B284149C6001AA98E /* ForecastModel.swift in Sources */ = {isa = PBXBuildFile; fileRef = CEDB311A284149C6001AA98E /* ForecastModel.swift */; };
/* End PBXBuildFile section */

/* Begin PBXFileReference section */
		CEDB30EE28409B1D001AA98E /* WeatherApp.app */ = {isa = PBXFileReference; explicitFileType = wrapper.application; includeInIndex = 0; path = WeatherApp.app; sourceTree = BUILT_PRODUCTS_DIR; };
		CEDB30F128409B1D001AA98E /* AppDelegate.swift */ = {isa = PBXFileReference; lastKnownFileType = sourcecode.swift; path = AppDelegate.swift; sourceTree = "<group>"; };
		CEDB30F328409B1D001AA98E /* SceneDelegate.swift */ = {isa = PBXFileReference; lastKnownFileType = sourcecode.swift; path = SceneDelegate.swift; sourceTree = "<group>"; };
		CEDB30F528409B1D001AA98E /* ViewController.swift */ = {isa = PBXFileReference; lastKnownFileType = sourcecode.swift; path = ViewController.swift; sourceTree = "<group>"; };
		CEDB30F828409B1D001AA98E /* Base */ = {isa = PBXFileReference; lastKnownFileType = file.storyboard; name = Base; path = Base.lproj/Main.storyboard; sourceTree = "<group>"; };
		CEDB30FA28409B1E001AA98E /* Assets.xcassets */ = {isa = PBXFileReference; lastKnownFileType = folder.assetcatalog; path = Assets.xcassets; sourceTree = "<group>"; };
		CEDB30FD28409B1E001AA98E /* Base */ = {isa = PBXFileReference; lastKnownFileType = file.storyboard; name = Base; path = Base.lproj/LaunchScreen.storyboard; sourceTree = "<group>"; };
		CEDB30FF28409B1E001AA98E /* Info.plist */ = {isa = PBXFileReference; lastKnownFileType = text.plist.xml; path = Info.plist; sourceTree = "<group>"; };
		CEDB31052840CA34001AA98E /* NetworkManager.swift */ = {isa = PBXFileReference; lastKnownFileType = sourcecode.swift; path = NetworkManager.swift; sourceTree = "<group>"; };
		CEDB31092840DC8E001AA98E /* WeatherData.swift */ = {isa = PBXFileReference; lastKnownFileType = sourcecode.swift; path = WeatherData.swift; sourceTree = "<group>"; };
		CEDB310B2840EED8001AA98E /* WeatherModel.swift */ = {isa = PBXFileReference; lastKnownFileType = sourcecode.swift; path = WeatherModel.swift; sourceTree = "<group>"; };
		CEDB3110284117DB001AA98E /* ForecastData.swift */ = {isa = PBXFileReference; lastKnownFileType = sourcecode.swift; path = ForecastData.swift; sourceTree = "<group>"; };
		CEDB311428411FE1001AA98E /* Service.swift */ = {isa = PBXFileReference; lastKnownFileType = sourcecode.swift; path = Service.swift; sourceTree = "<group>"; };
		CEDB311628412DDB001AA98E /* ForecastTableViewCell.swift */ = {isa = PBXFileReference; lastKnownFileType = sourcecode.swift; path = ForecastTableViewCell.swift; sourceTree = "<group>"; };
		CEDB311828412F34001AA98E /* Constants.swift */ = {isa = PBXFileReference; lastKnownFileType = sourcecode.swift; path = Constants.swift; sourceTree = "<group>"; };
		CEDB311A284149C6001AA98E /* ForecastModel.swift */ = {isa = PBXFileReference; lastKnownFileType = sourcecode.swift; path = ForecastModel.swift; sourceTree = "<group>"; };
/* End PBXFileReference section */

/* Begin PBXFrameworksBuildPhase section */
		CEDB30EB28409B1D001AA98E /* Frameworks */ = {
			isa = PBXFrameworksBuildPhase;
			buildActionMask = 2147483647;
			files = (
			);
			runOnlyForDeploymentPostprocessing = 0;
		};
/* End PBXFrameworksBuildPhase section */

/* Begin PBXGroup section */
		CEB54BA3284B6A1100F86ECA /* Network */ = {
			isa = PBXGroup;
			children = (
				CEDB31052840CA34001AA98E /* NetworkManager.swift */,
			);
			path = Network;
			sourceTree = "<group>";
		};
		CEDB30E528409B1D001AA98E = {
			isa = PBXGroup;
			children = (
				CEDB30F028409B1D001AA98E /* WeatherApp */,
				CEDB30EF28409B1D001AA98E /* Products */,
			);
			sourceTree = "<group>";
		};
		CEDB30EF28409B1D001AA98E /* Products */ = {
			isa = PBXGroup;
			children = (
				CEDB30EE28409B1D001AA98E /* WeatherApp.app */,
			);
			name = Products;
			sourceTree = "<group>";
		};
		CEDB30F028409B1D001AA98E /* WeatherApp */ = {
			isa = PBXGroup;
			children = (
				CEDB30F128409B1D001AA98E /* AppDelegate.swift */,
				CEDB30F328409B1D001AA98E /* SceneDelegate.swift */,
				CEDB311C284203E8001AA98E /* Helpers */,
				CEB54BA3284B6A1100F86ECA /* Network */,
				CEDB310D284110B5001AA98E /* Model */,
				CEDB310F284110D6001AA98E /* Controller */,
				CEDB310E284110CC001AA98E /* View */,
				CEDB30FA28409B1E001AA98E /* Assets.xcassets */,
				CEDB30FC28409B1E001AA98E /* LaunchScreen.storyboard */,
				CEDB30FF28409B1E001AA98E /* Info.plist */,
			);
			path = WeatherApp;
			sourceTree = "<group>";
		};
		CEDB310D284110B5001AA98E /* Model */ = {
			isa = PBXGroup;
			children = (
				CEDB31092840DC8E001AA98E /* WeatherData.swift */,
				CEDB3110284117DB001AA98E /* ForecastData.swift */,
				CEDB310B2840EED8001AA98E /* WeatherModel.swift */,
				CEDB311A284149C6001AA98E /* ForecastModel.swift */,
			);
			path = Model;
			sourceTree = "<group>";
		};
		CEDB310E284110CC001AA98E /* View */ = {
			isa = PBXGroup;
			children = (
				CEDB30F728409B1D001AA98E /* Main.storyboard */,
				CEDB311628412DDB001AA98E /* ForecastTableViewCell.swift */,
			);
			path = View;
			sourceTree = "<group>";
		};
		CEDB310F284110D6001AA98E /* Controller */ = {
			isa = PBXGroup;
			children = (
				CEDB30F528409B1D001AA98E /* ViewController.swift */,
			);
			path = Controller;
			sourceTree = "<group>";
		};
		CEDB311C284203E8001AA98E /* Helpers */ = {
			isa = PBXGroup;
			children = (
				CEDB311428411FE1001AA98E /* Service.swift */,
				CEDB311828412F34001AA98E /* Constants.swift */,
			);
			path = Helpers;
			sourceTree = "<group>";
		};
/* End PBXGroup section */

/* Begin PBXNativeTarget section */
		CEDB30ED28409B1D001AA98E /* WeatherApp */ = {
			isa = PBXNativeTarget;
			buildConfigurationList = CEDB310228409B1E001AA98E /* Build configuration list for PBXNativeTarget "WeatherApp" */;
			buildPhases = (
				CEDB30EA28409B1D001AA98E /* Sources */,
				CEDB30EB28409B1D001AA98E /* Frameworks */,
				CEDB30EC28409B1D001AA98E /* Resources */,
			);
			buildRules = (
			);
			dependencies = (
			);
			name = WeatherApp;
			productName = WeatherApp;
			productReference = CEDB30EE28409B1D001AA98E /* WeatherApp.app */;
			productType = "com.apple.product-type.application";
		};
/* End PBXNativeTarget section */

/* Begin PBXProject section */
		CEDB30E628409B1D001AA98E /* Project object */ = {
			isa = PBXProject;
			attributes = {
				BuildIndependentTargetsInParallel = 1;
				LastSwiftUpdateCheck = 1330;
				LastUpgradeCheck = 1330;
				TargetAttributes = {
					CEDB30ED28409B1D001AA98E = {
						CreatedOnToolsVersion = 13.3.1;
					};
				};
			};
			buildConfigurationList = CEDB30E928409B1D001AA98E /* Build configuration list for PBXProject "WeatherApp" */;
			compatibilityVersion = "Xcode 13.0";
			developmentRegion = en;
			hasScannedForEncodings = 0;
			knownRegions = (
				en,
				Base,
			);
			mainGroup = CEDB30E528409B1D001AA98E;
			productRefGroup = CEDB30EF28409B1D001AA98E /* Products */;
			projectDirPath = "";
			projectRoot = "";
			targets = (
				CEDB30ED28409B1D001AA98E /* WeatherApp */,
			);
		};
/* End PBXProject section */

/* Begin PBXResourcesBuildPhase section */
		CEDB30EC28409B1D001AA98E /* Resources */ = {
			isa = PBXResourcesBuildPhase;
			buildActionMask = 2147483647;
			files = (
				CEDB30FE28409B1E001AA98E /* LaunchScreen.storyboard in Resources */,
				CEDB30FB28409B1E001AA98E /* Assets.xcassets in Resources */,
				CEDB30F928409B1D001AA98E /* Main.storyboard in Resources */,
			);
			runOnlyForDeploymentPostprocessing = 0;
		};
/* End PBXResourcesBuildPhase section */

/* Begin PBXSourcesBuildPhase section */
		CEDB30EA28409B1D001AA98E /* Sources */ = {
			isa = PBXSourcesBuildPhase;
			buildActionMask = 2147483647;
			files = (
				CEDB30F628409B1D001AA98E /* ViewController.swift in Sources */,
				CEDB311528411FE1001AA98E /* Service.swift in Sources */,
				CEDB30F228409B1D001AA98E /* AppDelegate.swift in Sources */,
				CEDB30F428409B1D001AA98E /* SceneDelegate.swift in Sources */,
				CEDB31062840CA34001AA98E /* NetworkManager.swift in Sources */,
				CEDB311928412F34001AA98E /* Constants.swift in Sources */,
				CEDB3111284117DB001AA98E /* ForecastData.swift in Sources */,
				CEDB311728412DDB001AA98E /* ForecastTableViewCell.swift in Sources */,
				CEDB311B284149C6001AA98E /* ForecastModel.swift in Sources */,
				CEDB310C2840EED8001AA98E /* WeatherModel.swift in Sources */,
				CEDB310A2840DC8E001AA98E /* WeatherData.swift in Sources */,
			);
			runOnlyForDeploymentPostprocessing = 0;
		};
/* End PBXSourcesBuildPhase section */

/* Begin PBXVariantGroup section */
		CEDB30F728409B1D001AA98E /* Main.storyboard */ = {
			isa = PBXVariantGroup;
			children = (
				CEDB30F828409B1D001AA98E /* Base */,
			);
			name = Main.storyboard;
			sourceTree = "<group>";
		};
		CEDB30FC28409B1E001AA98E /* LaunchScreen.storyboard */ = {
			isa = PBXVariantGroup;
			children = (
				CEDB30FD28409B1E001AA98E /* Base */,
			);
			name = LaunchScreen.storyboard;
			sourceTree = "<group>";
		};
/* End PBXVariantGroup section */

/* Begin XCBuildConfiguration section */
		CEDB310028409B1E001AA98E /* Debug */ = {
			isa = XCBuildConfiguration;
			buildSettings = {
				ALWAYS_SEARCH_USER_PATHS = NO;
				CLANG_ANALYZER_NONNULL = YES;
				CLANG_ANALYZER_NUMBER_OBJECT_CONVERSION = YES_AGGRESSIVE;
				CLANG_CXX_LANGUAGE_STANDARD = "gnu++17";
				CLANG_ENABLE_MODULES = YES;
				CLANG_ENABLE_OBJC_ARC = YES;
				CLANG_ENABLE_OBJC_WEAK = YES;
				CLANG_WARN_BLOCK_CAPTURE_AUTORELEASING = YES;
				CLANG_WARN_BOOL_CONVERSION = YES;
				CLANG_WARN_COMMA = YES;
				CLANG_WARN_CONSTANT_CONVERSION = YES;
				CLANG_WARN_DEPRECATED_OBJC_IMPLEMENTATIONS = YES;
				CLANG_WARN_DIRECT_OBJC_ISA_USAGE = YES_ERROR;
				CLANG_WARN_DOCUMENTATION_COMMENTS = YES;
				CLANG_WARN_EMPTY_BODY = YES;
				CLANG_WARN_ENUM_CONVERSION = YES;
				CLANG_WARN_INFINITE_RECURSION = YES;
				CLANG_WARN_INT_CONVERSION = YES;
				CLANG_WARN_NON_LITERAL_NULL_CONVERSION = YES;
				CLANG_WARN_OBJC_IMPLICIT_RETAIN_SELF = YES;
				CLANG_WARN_OBJC_LITERAL_CONVERSION = YES;
				CLANG_WARN_OBJC_ROOT_CLASS = YES_ERROR;
				CLANG_WARN_QUOTED_INCLUDE_IN_FRAMEWORK_HEADER = YES;
				CLANG_WARN_RANGE_LOOP_ANALYSIS = YES;
				CLANG_WARN_STRICT_PROTOTYPES = YES;
				CLANG_WARN_SUSPICIOUS_MOVE = YES;
				CLANG_WARN_UNGUARDED_AVAILABILITY = YES_AGGRESSIVE;
				CLANG_WARN_UNREACHABLE_CODE = YES;
				CLANG_WARN__DUPLICATE_METHOD_MATCH = YES;
				COPY_PHASE_STRIP = NO;
				DEBUG_INFORMATION_FORMAT = dwarf;
				ENABLE_STRICT_OBJC_MSGSEND = YES;
				ENABLE_TESTABILITY = YES;
				GCC_C_LANGUAGE_STANDARD = gnu11;
				GCC_DYNAMIC_NO_PIC = NO;
				GCC_NO_COMMON_BLOCKS = YES;
				GCC_OPTIMIZATION_LEVEL = 0;
				GCC_PREPROCESSOR_DEFINITIONS = (
					"DEBUG=1",
					"$(inherited)",
				);
				GCC_WARN_64_TO_32_BIT_CONVERSION = YES;
				GCC_WARN_ABOUT_RETURN_TYPE = YES_ERROR;
				GCC_WARN_UNDECLARED_SELECTOR = YES;
				GCC_WARN_UNINITIALIZED_AUTOS = YES_AGGRESSIVE;
				GCC_WARN_UNUSED_FUNCTION = YES;
				GCC_WARN_UNUSED_VARIABLE = YES;
				IPHONEOS_DEPLOYMENT_TARGET = 15.4;
				MTL_ENABLE_DEBUG_INFO = INCLUDE_SOURCE;
				MTL_FAST_MATH = YES;
				ONLY_ACTIVE_ARCH = YES;
				SDKROOT = iphoneos;
				SWIFT_ACTIVE_COMPILATION_CONDITIONS = DEBUG;
				SWIFT_OPTIMIZATION_LEVEL = "-Onone";
			};
			name = Debug;
		};
		CEDB310128409B1E001AA98E /* Release */ = {
			isa = XCBuildConfiguration;
			buildSettings = {
				ALWAYS_SEARCH_USER_PATHS = NO;
				CLANG_ANALYZER_NONNULL = YES;
				CLANG_ANALYZER_NUMBER_OBJECT_CONVERSION = YES_AGGRESSIVE;
				CLANG_CXX_LANGUAGE_STANDARD = "gnu++17";
				CLANG_ENABLE_MODULES = YES;
				CLANG_ENABLE_OBJC_ARC = YES;
				CLANG_ENABLE_OBJC_WEAK = YES;
				CLANG_WARN_BLOCK_CAPTURE_AUTORELEASING = YES;
				CLANG_WARN_BOOL_CONVERSION = YES;
				CLANG_WARN_COMMA = YES;
				CLANG_WARN_CONSTANT_CONVERSION = YES;
				CLANG_WARN_DEPRECATED_OBJC_IMPLEMENTATIONS = YES;
				CLANG_WARN_DIRECT_OBJC_ISA_USAGE = YES_ERROR;
				CLANG_WARN_DOCUMENTATION_COMMENTS = YES;
				CLANG_WARN_EMPTY_BODY = YES;
				CLANG_WARN_ENUM_CONVERSION = YES;
				CLANG_WARN_INFINITE_RECURSION = YES;
				CLANG_WARN_INT_CONVERSION = YES;
				CLANG_WARN_NON_LITERAL_NULL_CONVERSION = YES;
				CLANG_WARN_OBJC_IMPLICIT_RETAIN_SELF = YES;
				CLANG_WARN_OBJC_LITERAL_CONVERSION = YES;
				CLANG_WARN_OBJC_ROOT_CLASS = YES_ERROR;
				CLANG_WARN_QUOTED_INCLUDE_IN_FRAMEWORK_HEADER = YES;
				CLANG_WARN_RANGE_LOOP_ANALYSIS = YES;
				CLANG_WARN_STRICT_PROTOTYPES = YES;
				CLANG_WARN_SUSPICIOUS_MOVE = YES;
				CLANG_WARN_UNGUARDED_AVAILABILITY = YES_AGGRESSIVE;
				CLANG_WARN_UNREACHABLE_CODE = YES;
				CLANG_WARN__DUPLICATE_METHOD_MATCH = YES;
				COPY_PHASE_STRIP = NO;
				DEBUG_INFORMATION_FORMAT = "dwarf-with-dsym";
				ENABLE_NS_ASSERTIONS = NO;
				ENABLE_STRICT_OBJC_MSGSEND = YES;
				GCC_C_LANGUAGE_STANDARD = gnu11;
				GCC_NO_COMMON_BLOCKS = YES;
				GCC_WARN_64_TO_32_BIT_CONVERSION = YES;
				GCC_WARN_ABOUT_RETURN_TYPE = YES_ERROR;
				GCC_WARN_UNDECLARED_SELECTOR = YES;
				GCC_WARN_UNINITIALIZED_AUTOS = YES_AGGRESSIVE;
				GCC_WARN_UNUSED_FUNCTION = YES;
				GCC_WARN_UNUSED_VARIABLE = YES;
				IPHONEOS_DEPLOYMENT_TARGET = 15.4;
				MTL_ENABLE_DEBUG_INFO = NO;
				MTL_FAST_MATH = YES;
				SDKROOT = iphoneos;
				SWIFT_COMPILATION_MODE = wholemodule;
				SWIFT_OPTIMIZATION_LEVEL = "-O";
				VALIDATE_PRODUCT = YES;
			};
			name = Release;
		};
		CEDB310328409B1E001AA98E /* Debug */ = {
			isa = XCBuildConfiguration;
			buildSettings = {
				ASSETCATALOG_COMPILER_APPICON_NAME = AppIcon;
				ASSETCATALOG_COMPILER_GLOBAL_ACCENT_COLOR_NAME = AccentColor;
				CODE_SIGN_STYLE = Automatic;
				CURRENT_PROJECT_VERSION = 1;
				DEVELOPMENT_TEAM = NYBC469U45;
				GENERATE_INFOPLIST_FILE = YES;
				INFOPLIST_FILE = WeatherApp/Info.plist;
				INFOPLIST_KEY_NSLocationWhenInUseUsageDescription = "I need your location to show the current weather for where you are.";
				INFOPLIST_KEY_UIApplicationSupportsIndirectInputEvents = YES;
				INFOPLIST_KEY_UILaunchStoryboardName = LaunchScreen;
				INFOPLIST_KEY_UIMainStoryboardFile = Main;
				INFOPLIST_KEY_UISupportedInterfaceOrientations_iPad = "UIInterfaceOrientationPortrait UIInterfaceOrientationPortraitUpsideDown UIInterfaceOrientationLandscapeLeft UIInterfaceOrientationLandscapeRight";
				INFOPLIST_KEY_UISupportedInterfaceOrientations_iPhone = "UIInterfaceOrientationPortrait UIInterfaceOrientationLandscapeLeft UIInterfaceOrientationLandscapeRight";
				IPHONEOS_DEPLOYMENT_TARGET = 14.5;
				LD_RUNPATH_SEARCH_PATHS = (
					"$(inherited)",
					"@executable_path/Frameworks",
				);
				MARKETING_VERSION = 1.0;
				PRODUCT_BUNDLE_IDENTIFIER = com.chuvashov.WeatherApp;
				PRODUCT_NAME = "$(TARGET_NAME)";
				SWIFT_EMIT_LOC_STRINGS = YES;
				SWIFT_VERSION = 5.0;
				TARGETED_DEVICE_FAMILY = "1,2";
			};
			name = Debug;
		};
		CEDB310428409B1E001AA98E /* Release */ = {
			isa = XCBuildConfiguration;
			buildSettings = {
				ASSETCATALOG_COMPILER_APPICON_NAME = AppIcon;
				ASSETCATALOG_COMPILER_GLOBAL_ACCENT_COLOR_NAME = AccentColor;
				CODE_SIGN_STYLE = Automatic;
				CURRENT_PROJECT_VERSION = 1;
				DEVELOPMENT_TEAM = NYBC469U45;
				GENERATE_INFOPLIST_FILE = YES;
				INFOPLIST_FILE = WeatherApp/Info.plist;
				INFOPLIST_KEY_NSLocationWhenInUseUsageDescription = "I need your location to show the current weather for where you are.";
				INFOPLIST_KEY_UIApplicationSupportsIndirectInputEvents = YES;
				INFOPLIST_KEY_UILaunchStoryboardName = LaunchScreen;
				INFOPLIST_KEY_UIMainStoryboardFile = Main;
				INFOPLIST_KEY_UISupportedInterfaceOrientations_iPad = "UIInterfaceOrientationPortrait UIInterfaceOrientationPortraitUpsideDown UIInterfaceOrientationLandscapeLeft UIInterfaceOrientationLandscapeRight";
				INFOPLIST_KEY_UISupportedInterfaceOrientations_iPhone = "UIInterfaceOrientationPortrait UIInterfaceOrientationLandscapeLeft UIInterfaceOrientationLandscapeRight";
				IPHONEOS_DEPLOYMENT_TARGET = 14.5;
				LD_RUNPATH_SEARCH_PATHS = (
					"$(inherited)",
					"@executable_path/Frameworks",
				);
				MARKETING_VERSION = 1.0;
				PRODUCT_BUNDLE_IDENTIFIER = com.chuvashov.WeatherApp;
				PRODUCT_NAME = "$(TARGET_NAME)";
				SWIFT_EMIT_LOC_STRINGS = YES;
				SWIFT_VERSION = 5.0;
				TARGETED_DEVICE_FAMILY = "1,2";
			};
			name = Release;
		};
/* End XCBuildConfiguration section */

/* Begin XCConfigurationList section */
		CEDB30E928409B1D001AA98E /* Build configuration list for PBXProject "WeatherApp" */ = {
			isa = XCConfigurationList;
			buildConfigurations = (
				CEDB310028409B1E001AA98E /* Debug */,
				CEDB310128409B1E001AA98E /* Release */,
			);
			defaultConfigurationIsVisible = 0;
			defaultConfigurationName = Release;
		};
		CEDB310228409B1E001AA98E /* Build configuration list for PBXNativeTarget "WeatherApp" */ = {
			isa = XCConfigurationList;
			buildConfigurations = (
				CEDB310328409B1E001AA98E /* Debug */,
				CEDB310428409B1E001AA98E /* Release */,
			);
			defaultConfigurationIsVisible = 0;
			defaultConfigurationName = Release;
		};
/* End XCConfigurationList section */
	};
	rootObject = CEDB30E628409B1D001AA98E /* Project object */;
}
